// !$*UTF8*$!
{
	archiveVersion = 1;
	classes = {
	};
	objectVersion = 50;
	objects = {

/* Begin PBXBuildFile section */
		6C3ADC8F22E940E700FE64B1 /* libbz2.tbd in Frameworks */ = {isa = PBXBuildFile; fileRef = 6C3ADC8E22E940E700FE64B1 /* libbz2.tbd */; };
		6C3ADC9522E9C20B00FE64B1 /* LoginVC.m in Sources */ = {isa = PBXBuildFile; fileRef = 6C3ADC9422E9C20B00FE64B1 /* LoginVC.m */; };
		6C3ADC9D22EA8CB600FE64B1 /* white_bg.png in Resources */ = {isa = PBXBuildFile; fileRef = 6C3ADC9C22EA8CB600FE64B1 /* white_bg.png */; };
		6CF50AF822E7FE4000CB1FDF /* AppDelegate.mm in Sources */ = {isa = PBXBuildFile; fileRef = 6CF50AF722E7FE4000CB1FDF /* AppDelegate.mm */; };
		6CF50AFE22E7FE4000CB1FDF /* Main.storyboard in Resources */ = {isa = PBXBuildFile; fileRef = 6CF50AFC22E7FE4000CB1FDF /* Main.storyboard */; };
		6CF50B0022E7FE4200CB1FDF /* Assets.xcassets in Resources */ = {isa = PBXBuildFile; fileRef = 6CF50AFF22E7FE4200CB1FDF /* Assets.xcassets */; };
		6CF50B0322E7FE4200CB1FDF /* LaunchScreen.storyboard in Resources */ = {isa = PBXBuildFile; fileRef = 6CF50B0122E7FE4200CB1FDF /* LaunchScreen.storyboard */; };
		6CF50B0622E7FE4200CB1FDF /* main.m in Sources */ = {isa = PBXBuildFile; fileRef = 6CF50B0522E7FE4200CB1FDF /* main.m */; };
		6F22286322EDE57F00AA6853 /* UIColor+Extension.m in Sources */ = {isa = PBXBuildFile; fileRef = 6F22286222EDE57F00AA6853 /* UIColor+Extension.m */; };
		6F22286822EDE79B00AA6853 /* AccountManager.m in Sources */ = {isa = PBXBuildFile; fileRef = 6F22286722EDE79B00AA6853 /* AccountManager.m */; };
		6F22286D22EDE98600AA6853 /* DeviceListVC.m in Sources */ = {isa = PBXBuildFile; fileRef = 6F22286C22EDE98600AA6853 /* DeviceListVC.m */; };
		6F22287022EDE99A00AA6853 /* PersonalVC.m in Sources */ = {isa = PBXBuildFile; fileRef = 6F22286F22EDE99A00AA6853 /* PersonalVC.m */; };
		6F61455022EDDF4F002A830C /* MainTabbarVC.m in Sources */ = {isa = PBXBuildFile; fileRef = 6F61454F22EDDF4F002A830C /* MainTabbarVC.m */; };
		6FDDC35522E8807300FAF0EB /* FunSDK.framework in Frameworks */ = {isa = PBXBuildFile; fileRef = 6FDDC35422E8807300FAF0EB /* FunSDK.framework */; };
		6FDDC35822E8809D00FAF0EB /* OpenAL.framework in Frameworks */ = {isa = PBXBuildFile; fileRef = 6FDDC35722E8809D00FAF0EB /* OpenAL.framework */; };
		6FDDC35A22E880AA00FAF0EB /* libresolv.tbd in Frameworks */ = {isa = PBXBuildFile; fileRef = 6FDDC35922E880AA00FAF0EB /* libresolv.tbd */; };
		6FDDC35C22E880B300FAF0EB /* libiconv.tbd in Frameworks */ = {isa = PBXBuildFile; fileRef = 6FDDC35B22E880B300FAF0EB /* libiconv.tbd */; };
		6FDDC35E22E880BB00FAF0EB /* libz.tbd in Frameworks */ = {isa = PBXBuildFile; fileRef = 6FDDC35D22E880BB00FAF0EB /* libz.tbd */; };
		6FDDC36022E880D300FAF0EB /* AVKit.framework in Frameworks */ = {isa = PBXBuildFile; fileRef = 6FDDC35F22E880D300FAF0EB /* AVKit.framework */; };
		6FDDC36222E880DB00FAF0EB /* AssetsLibrary.framework in Frameworks */ = {isa = PBXBuildFile; fileRef = 6FDDC36122E880DB00FAF0EB /* AssetsLibrary.framework */; };
		6FDDC36422E880E400FAF0EB /* UserNotifications.framework in Frameworks */ = {isa = PBXBuildFile; fileRef = 6FDDC36322E880E400FAF0EB /* UserNotifications.framework */; };
		6FDDC36622E880EC00FAF0EB /* AudioToolbox.framework in Frameworks */ = {isa = PBXBuildFile; fileRef = 6FDDC36522E880EC00FAF0EB /* AudioToolbox.framework */; };
		6FDDC36822E880F500FAF0EB /* CoreMedia.framework in Frameworks */ = {isa = PBXBuildFile; fileRef = 6FDDC36722E880F500FAF0EB /* CoreMedia.framework */; };
		6FDDC36A22E8810C00FAF0EB /* MediaPlayer.framework in Frameworks */ = {isa = PBXBuildFile; fileRef = 6FDDC36922E8810C00FAF0EB /* MediaPlayer.framework */; };
		6FDDC36C22E8811900FAF0EB /* AVFoundation.framework in Frameworks */ = {isa = PBXBuildFile; fileRef = 6FDDC36B22E8811900FAF0EB /* AVFoundation.framework */; };
		6FDDC36E22E8812400FAF0EB /* OpenGLES.framework in Frameworks */ = {isa = PBXBuildFile; fileRef = 6FDDC36D22E8812400FAF0EB /* OpenGLES.framework */; };
		6FDDC37022E8812B00FAF0EB /* GLKit.framework in Frameworks */ = {isa = PBXBuildFile; fileRef = 6FDDC36F22E8812B00FAF0EB /* GLKit.framework */; };
		6FDDC37222E8813B00FAF0EB /* VideoToolbox.framework in Frameworks */ = {isa = PBXBuildFile; fileRef = 6FDDC37122E8813B00FAF0EB /* VideoToolbox.framework */; };
/* End PBXBuildFile section */

/* Begin PBXFileReference section */
		6C3ADC8E22E940E700FE64B1 /* libbz2.tbd */ = {isa = PBXFileReference; lastKnownFileType = "sourcecode.text-based-dylib-definition"; name = libbz2.tbd; path = usr/lib/libbz2.tbd; sourceTree = SDKROOT; };
		6C3ADC9322E9C20B00FE64B1 /* LoginVC.h */ = {isa = PBXFileReference; lastKnownFileType = sourcecode.c.h; path = LoginVC.h; sourceTree = "<group>"; };
		6C3ADC9422E9C20B00FE64B1 /* LoginVC.m */ = {isa = PBXFileReference; lastKnownFileType = sourcecode.c.objc; path = LoginVC.m; sourceTree = "<group>"; };
		6C3ADC9C22EA8CB600FE64B1 /* white_bg.png */ = {isa = PBXFileReference; lastKnownFileType = image.png; path = white_bg.png; sourceTree = "<group>"; };
		6CF50AF322E7FE4000CB1FDF /* JuFengDemo.app */ = {isa = PBXFileReference; explicitFileType = wrapper.application; includeInIndex = 0; path = JuFengDemo.app; sourceTree = BUILT_PRODUCTS_DIR; };
		6CF50AF622E7FE4000CB1FDF /* AppDelegate.h */ = {isa = PBXFileReference; lastKnownFileType = sourcecode.c.h; path = AppDelegate.h; sourceTree = "<group>"; };
		6CF50AF722E7FE4000CB1FDF /* AppDelegate.mm */ = {isa = PBXFileReference; lastKnownFileType = sourcecode.cpp.objcpp; path = AppDelegate.mm; sourceTree = "<group>"; };
		6CF50AFD22E7FE4000CB1FDF /* Base */ = {isa = PBXFileReference; lastKnownFileType = file.storyboard; name = Base; path = Base.lproj/Main.storyboard; sourceTree = "<group>"; };
		6CF50AFF22E7FE4200CB1FDF /* Assets.xcassets */ = {isa = PBXFileReference; lastKnownFileType = folder.assetcatalog; path = Assets.xcassets; sourceTree = "<group>"; };
		6CF50B0222E7FE4200CB1FDF /* Base */ = {isa = PBXFileReference; lastKnownFileType = file.storyboard; name = Base; path = Base.lproj/LaunchScreen.storyboard; sourceTree = "<group>"; };
		6CF50B0422E7FE4200CB1FDF /* Info.plist */ = {isa = PBXFileReference; lastKnownFileType = text.plist.xml; path = Info.plist; sourceTree = "<group>"; };
		6CF50B0522E7FE4200CB1FDF /* main.m */ = {isa = PBXFileReference; lastKnownFileType = sourcecode.c.objc; path = main.m; sourceTree = "<group>"; };
		6F22286122EDE57F00AA6853 /* UIColor+Extension.h */ = {isa = PBXFileReference; lastKnownFileType = sourcecode.c.h; path = "UIColor+Extension.h"; sourceTree = "<group>"; };
		6F22286222EDE57F00AA6853 /* UIColor+Extension.m */ = {isa = PBXFileReference; lastKnownFileType = sourcecode.c.objc; path = "UIColor+Extension.m"; sourceTree = "<group>"; };
		6F22286622EDE79B00AA6853 /* AccountManager.h */ = {isa = PBXFileReference; lastKnownFileType = sourcecode.c.h; path = AccountManager.h; sourceTree = "<group>"; };
		6F22286722EDE79B00AA6853 /* AccountManager.m */ = {isa = PBXFileReference; lastKnownFileType = sourcecode.c.objc; path = AccountManager.m; sourceTree = "<group>"; };
		6F22286B22EDE98600AA6853 /* DeviceListVC.h */ = {isa = PBXFileReference; lastKnownFileType = sourcecode.c.h; path = DeviceListVC.h; sourceTree = "<group>"; };
		6F22286C22EDE98600AA6853 /* DeviceListVC.m */ = {isa = PBXFileReference; lastKnownFileType = sourcecode.c.objc; path = DeviceListVC.m; sourceTree = "<group>"; };
		6F22286E22EDE99A00AA6853 /* PersonalVC.h */ = {isa = PBXFileReference; lastKnownFileType = sourcecode.c.h; path = PersonalVC.h; sourceTree = "<group>"; };
		6F22286F22EDE99A00AA6853 /* PersonalVC.m */ = {isa = PBXFileReference; lastKnownFileType = sourcecode.c.objc; path = PersonalVC.m; sourceTree = "<group>"; };
		6F61454E22EDDF4F002A830C /* MainTabbarVC.h */ = {isa = PBXFileReference; lastKnownFileType = sourcecode.c.h; path = MainTabbarVC.h; sourceTree = "<group>"; };
		6F61454F22EDDF4F002A830C /* MainTabbarVC.m */ = {isa = PBXFileReference; lastKnownFileType = sourcecode.c.objc; path = MainTabbarVC.m; sourceTree = "<group>"; };
		6FDDC35422E8807300FAF0EB /* FunSDK.framework */ = {isa = PBXFileReference; lastKnownFileType = wrapper.framework; path = FunSDK.framework; sourceTree = "<group>"; };
		6FDDC35722E8809D00FAF0EB /* OpenAL.framework */ = {isa = PBXFileReference; lastKnownFileType = wrapper.framework; name = OpenAL.framework; path = System/Library/Frameworks/OpenAL.framework; sourceTree = SDKROOT; };
		6FDDC35922E880AA00FAF0EB /* libresolv.tbd */ = {isa = PBXFileReference; lastKnownFileType = "sourcecode.text-based-dylib-definition"; name = libresolv.tbd; path = usr/lib/libresolv.tbd; sourceTree = SDKROOT; };
		6FDDC35B22E880B300FAF0EB /* libiconv.tbd */ = {isa = PBXFileReference; lastKnownFileType = "sourcecode.text-based-dylib-definition"; name = libiconv.tbd; path = usr/lib/libiconv.tbd; sourceTree = SDKROOT; };
		6FDDC35D22E880BB00FAF0EB /* libz.tbd */ = {isa = PBXFileReference; lastKnownFileType = "sourcecode.text-based-dylib-definition"; name = libz.tbd; path = usr/lib/libz.tbd; sourceTree = SDKROOT; };
		6FDDC35F22E880D300FAF0EB /* AVKit.framework */ = {isa = PBXFileReference; lastKnownFileType = wrapper.framework; name = AVKit.framework; path = System/Library/Frameworks/AVKit.framework; sourceTree = SDKROOT; };
		6FDDC36122E880DB00FAF0EB /* AssetsLibrary.framework */ = {isa = PBXFileReference; lastKnownFileType = wrapper.framework; name = AssetsLibrary.framework; path = System/Library/Frameworks/AssetsLibrary.framework; sourceTree = SDKROOT; };
		6FDDC36322E880E400FAF0EB /* UserNotifications.framework */ = {isa = PBXFileReference; lastKnownFileType = wrapper.framework; name = UserNotifications.framework; path = System/Library/Frameworks/UserNotifications.framework; sourceTree = SDKROOT; };
		6FDDC36522E880EC00FAF0EB /* AudioToolbox.framework */ = {isa = PBXFileReference; lastKnownFileType = wrapper.framework; name = AudioToolbox.framework; path = System/Library/Frameworks/AudioToolbox.framework; sourceTree = SDKROOT; };
		6FDDC36722E880F500FAF0EB /* CoreMedia.framework */ = {isa = PBXFileReference; lastKnownFileType = wrapper.framework; name = CoreMedia.framework; path = System/Library/Frameworks/CoreMedia.framework; sourceTree = SDKROOT; };
		6FDDC36922E8810C00FAF0EB /* MediaPlayer.framework */ = {isa = PBXFileReference; lastKnownFileType = wrapper.framework; name = MediaPlayer.framework; path = System/Library/Frameworks/MediaPlayer.framework; sourceTree = SDKROOT; };
		6FDDC36B22E8811900FAF0EB /* AVFoundation.framework */ = {isa = PBXFileReference; lastKnownFileType = wrapper.framework; name = AVFoundation.framework; path = System/Library/Frameworks/AVFoundation.framework; sourceTree = SDKROOT; };
		6FDDC36D22E8812400FAF0EB /* OpenGLES.framework */ = {isa = PBXFileReference; lastKnownFileType = wrapper.framework; name = OpenGLES.framework; path = System/Library/Frameworks/OpenGLES.framework; sourceTree = SDKROOT; };
		6FDDC36F22E8812B00FAF0EB /* GLKit.framework */ = {isa = PBXFileReference; lastKnownFileType = wrapper.framework; name = GLKit.framework; path = System/Library/Frameworks/GLKit.framework; sourceTree = SDKROOT; };
		6FDDC37122E8813B00FAF0EB /* VideoToolbox.framework */ = {isa = PBXFileReference; lastKnownFileType = wrapper.framework; name = VideoToolbox.framework; path = System/Library/Frameworks/VideoToolbox.framework; sourceTree = SDKROOT; };
/* End PBXFileReference section */

/* Begin PBXFrameworksBuildPhase section */
		6CF50AF022E7FE4000CB1FDF /* Frameworks */ = {
			isa = PBXFrameworksBuildPhase;
			buildActionMask = 2147483647;
			files = (
				6C3ADC8F22E940E700FE64B1 /* libbz2.tbd in Frameworks */,
				6FDDC35A22E880AA00FAF0EB /* libresolv.tbd in Frameworks */,
				6FDDC37222E8813B00FAF0EB /* VideoToolbox.framework in Frameworks */,
				6FDDC37022E8812B00FAF0EB /* GLKit.framework in Frameworks */,
				6FDDC36E22E8812400FAF0EB /* OpenGLES.framework in Frameworks */,
				6FDDC36C22E8811900FAF0EB /* AVFoundation.framework in Frameworks */,
				6FDDC36A22E8810C00FAF0EB /* MediaPlayer.framework in Frameworks */,
				6FDDC35822E8809D00FAF0EB /* OpenAL.framework in Frameworks */,
				6FDDC36822E880F500FAF0EB /* CoreMedia.framework in Frameworks */,
				6FDDC36622E880EC00FAF0EB /* AudioToolbox.framework in Frameworks */,
				6FDDC36422E880E400FAF0EB /* UserNotifications.framework in Frameworks */,
				6FDDC36222E880DB00FAF0EB /* AssetsLibrary.framework in Frameworks */,
				6FDDC36022E880D300FAF0EB /* AVKit.framework in Frameworks */,
				6FDDC35E22E880BB00FAF0EB /* libz.tbd in Frameworks */,
				6FDDC35C22E880B300FAF0EB /* libiconv.tbd in Frameworks */,
				6FDDC35522E8807300FAF0EB /* FunSDK.framework in Frameworks */,
			);
			runOnlyForDeploymentPostprocessing = 0;
		};
/* End PBXFrameworksBuildPhase section */

/* Begin PBXGroup section */
		6C3ADC9122E9C1C200FE64B1 /* VC */ = {
			isa = PBXGroup;
			children = (
				6F22286A22EDE95300AA6853 /* PersonalVC */,
				6F22286922EDE94800AA6853 /* DeviceListVC */,
				6C3ADC9622E9C30F00FE64B1 /* MainVC */,
				6C3ADC9222E9C1F000FE64B1 /* LoginVC */,
			);
			path = VC;
			sourceTree = "<group>";
		};
		6C3ADC9222E9C1F000FE64B1 /* LoginVC */ = {
			isa = PBXGroup;
			children = (
				6C3ADC9322E9C20B00FE64B1 /* LoginVC.h */,
				6C3ADC9422E9C20B00FE64B1 /* LoginVC.m */,
			);
			path = LoginVC;
			sourceTree = "<group>";
		};
		6C3ADC9622E9C30F00FE64B1 /* MainVC */ = {
			isa = PBXGroup;
			children = (
				6F61454E22EDDF4F002A830C /* MainTabbarVC.h */,
				6F61454F22EDDF4F002A830C /* MainTabbarVC.m */,
			);
			path = MainVC;
			sourceTree = "<group>";
		};
		6C3ADC9A22EA8CAA00FE64B1 /* Resource */ = {
			isa = PBXGroup;
			children = (
				6C3ADC9B22EA8CAA00FE64B1 /* Image */,
			);
			path = Resource;
			sourceTree = "<group>";
		};
		6C3ADC9B22EA8CAA00FE64B1 /* Image */ = {
			isa = PBXGroup;
			children = (
				6C3ADC9C22EA8CB600FE64B1 /* white_bg.png */,
			);
			path = Image;
			sourceTree = "<group>";
		};
		6CF50AEA22E7FE4000CB1FDF = {
			isa = PBXGroup;
			children = (
				6CF50AF522E7FE4000CB1FDF /* JuFengDemo */,
				6CF50AF422E7FE4000CB1FDF /* Products */,
				6FDDC35622E8809D00FAF0EB /* Frameworks */,
			);
			sourceTree = "<group>";
		};
		6CF50AF422E7FE4000CB1FDF /* Products */ = {
			isa = PBXGroup;
			children = (
				6CF50AF322E7FE4000CB1FDF /* JuFengDemo.app */,
			);
			name = Products;
			sourceTree = "<group>";
		};
		6CF50AF522E7FE4000CB1FDF /* JuFengDemo */ = {
			isa = PBXGroup;
			children = (
				6F22286022EDE55800AA6853 /* Category */,
				6FDDC35322E8807300FAF0EB /* Framework */,
				6F22286422EDE75B00AA6853 /* Manager */,
				6C3ADC9122E9C1C200FE64B1 /* VC */,
				6CF50AF622E7FE4000CB1FDF /* AppDelegate.h */,
				6CF50AF722E7FE4000CB1FDF /* AppDelegate.mm */,
				6CF50AFC22E7FE4000CB1FDF /* Main.storyboard */,
				6CF50AFF22E7FE4200CB1FDF /* Assets.xcassets */,
				6CF50B0122E7FE4200CB1FDF /* LaunchScreen.storyboard */,
				6CF50B0422E7FE4200CB1FDF /* Info.plist */,
				6CF50B0522E7FE4200CB1FDF /* main.m */,
				6C3ADC9A22EA8CAA00FE64B1 /* Resource */,
			);
			path = JuFengDemo;
			sourceTree = "<group>";
		};
		6F22286022EDE55800AA6853 /* Category */ = {
			isa = PBXGroup;
			children = (
				6F22286122EDE57F00AA6853 /* UIColor+Extension.h */,
				6F22286222EDE57F00AA6853 /* UIColor+Extension.m */,
			);
			path = Category;
			sourceTree = "<group>";
		};
		6F22286422EDE75B00AA6853 /* Manager */ = {
			isa = PBXGroup;
			children = (
				6F22286522EDE75B00AA6853 /* Account */,
			);
			path = Manager;
			sourceTree = "<group>";
		};
		6F22286522EDE75B00AA6853 /* Account */ = {
			isa = PBXGroup;
			children = (
				6F22286622EDE79B00AA6853 /* AccountManager.h */,
				6F22286722EDE79B00AA6853 /* AccountManager.m */,
			);
			path = Account;
			sourceTree = "<group>";
		};
		6F22286922EDE94800AA6853 /* DeviceListVC */ = {
			isa = PBXGroup;
			children = (
				6F22286B22EDE98600AA6853 /* DeviceListVC.h */,
				6F22286C22EDE98600AA6853 /* DeviceListVC.m */,
			);
			path = DeviceListVC;
			sourceTree = "<group>";
		};
		6F22286A22EDE95300AA6853 /* PersonalVC */ = {
			isa = PBXGroup;
			children = (
				6F22286E22EDE99A00AA6853 /* PersonalVC.h */,
				6F22286F22EDE99A00AA6853 /* PersonalVC.m */,
			);
			path = PersonalVC;
			sourceTree = "<group>";
		};
		6FDDC35322E8807300FAF0EB /* Framework */ = {
			isa = PBXGroup;
			children = (
				6FDDC35422E8807300FAF0EB /* FunSDK.framework */,
			);
			path = Framework;
			sourceTree = "<group>";
		};
		6FDDC35622E8809D00FAF0EB /* Frameworks */ = {
			isa = PBXGroup;
			children = (
				6C3ADC8E22E940E700FE64B1 /* libbz2.tbd */,
				6FDDC37122E8813B00FAF0EB /* VideoToolbox.framework */,
				6FDDC36F22E8812B00FAF0EB /* GLKit.framework */,
				6FDDC36D22E8812400FAF0EB /* OpenGLES.framework */,
				6FDDC36B22E8811900FAF0EB /* AVFoundation.framework */,
				6FDDC36922E8810C00FAF0EB /* MediaPlayer.framework */,
				6FDDC36722E880F500FAF0EB /* CoreMedia.framework */,
				6FDDC36522E880EC00FAF0EB /* AudioToolbox.framework */,
				6FDDC36322E880E400FAF0EB /* UserNotifications.framework */,
				6FDDC36122E880DB00FAF0EB /* AssetsLibrary.framework */,
				6FDDC35F22E880D300FAF0EB /* AVKit.framework */,
				6FDDC35D22E880BB00FAF0EB /* libz.tbd */,
				6FDDC35B22E880B300FAF0EB /* libiconv.tbd */,
				6FDDC35922E880AA00FAF0EB /* libresolv.tbd */,
				6FDDC35722E8809D00FAF0EB /* OpenAL.framework */,
			);
			name = Frameworks;
			sourceTree = "<group>";
		};
/* End PBXGroup section */

/* Begin PBXNativeTarget section */
		6CF50AF222E7FE4000CB1FDF /* JuFengDemo */ = {
			isa = PBXNativeTarget;
			buildConfigurationList = 6CF50B0922E7FE4200CB1FDF /* Build configuration list for PBXNativeTarget "JuFengDemo" */;
			buildPhases = (
				6CF50AEF22E7FE4000CB1FDF /* Sources */,
				6CF50AF022E7FE4000CB1FDF /* Frameworks */,
				6CF50AF122E7FE4000CB1FDF /* Resources */,
			);
			buildRules = (
			);
			dependencies = (
			);
			name = JuFengDemo;
			productName = JuFengDemo;
			productReference = 6CF50AF322E7FE4000CB1FDF /* JuFengDemo.app */;
			productType = "com.apple.product-type.application";
		};
/* End PBXNativeTarget section */

/* Begin PBXProject section */
		6CF50AEB22E7FE4000CB1FDF /* Project object */ = {
			isa = PBXProject;
			attributes = {
				LastUpgradeCheck = 1020;
				ORGANIZATIONNAME = SaturdayNight;
				TargetAttributes = {
					6CF50AF222E7FE4000CB1FDF = {
						CreatedOnToolsVersion = 10.2.1;
					};
				};
			};
			buildConfigurationList = 6CF50AEE22E7FE4000CB1FDF /* Build configuration list for PBXProject "JuFengDemo" */;
			compatibilityVersion = "Xcode 9.3";
			developmentRegion = en;
			hasScannedForEncodings = 0;
			knownRegions = (
				en,
				Base,
			);
			mainGroup = 6CF50AEA22E7FE4000CB1FDF;
			productRefGroup = 6CF50AF422E7FE4000CB1FDF /* Products */;
			projectDirPath = "";
			projectRoot = "";
			targets = (
				6CF50AF222E7FE4000CB1FDF /* JuFengDemo */,
			);
		};
/* End PBXProject section */

/* Begin PBXResourcesBuildPhase section */
		6CF50AF122E7FE4000CB1FDF /* Resources */ = {
			isa = PBXResourcesBuildPhase;
			buildActionMask = 2147483647;
			files = (
				6C3ADC9D22EA8CB600FE64B1 /* white_bg.png in Resources */,
				6CF50B0322E7FE4200CB1FDF /* LaunchScreen.storyboard in Resources */,
				6CF50B0022E7FE4200CB1FDF /* Assets.xcassets in Resources */,
				6CF50AFE22E7FE4000CB1FDF /* Main.storyboard in Resources */,
			);
			runOnlyForDeploymentPostprocessing = 0;
		};
/* End PBXResourcesBuildPhase section */

/* Begin PBXSourcesBuildPhase section */
		6CF50AEF22E7FE4000CB1FDF /* Sources */ = {
			isa = PBXSourcesBuildPhase;
			buildActionMask = 2147483647;
			files = (
				6CF50B0622E7FE4200CB1FDF /* main.m in Sources */,
				6F22287022EDE99A00AA6853 /* PersonalVC.m in Sources */,
				6F22286322EDE57F00AA6853 /* UIColor+Extension.m in Sources */,
				6F22286822EDE79B00AA6853 /* AccountManager.m in Sources */,
				6C3ADC9522E9C20B00FE64B1 /* LoginVC.m in Sources */,
				6CF50AF822E7FE4000CB1FDF /* AppDelegate.mm in Sources */,
				6F22286D22EDE98600AA6853 /* DeviceListVC.m in Sources */,
				6F61455022EDDF4F002A830C /* MainTabbarVC.m in Sources */,
			);
			runOnlyForDeploymentPostprocessing = 0;
		};
/* End PBXSourcesBuildPhase section */

/* Begin PBXVariantGroup section */
		6CF50AFC22E7FE4000CB1FDF /* Main.storyboard */ = {
			isa = PBXVariantGroup;
			children = (
				6CF50AFD22E7FE4000CB1FDF /* Base */,
			);
			name = Main.storyboard;
			sourceTree = "<group>";
		};
		6CF50B0122E7FE4200CB1FDF /* LaunchScreen.storyboard */ = {
			isa = PBXVariantGroup;
			children = (
				6CF50B0222E7FE4200CB1FDF /* Base */,
			);
			name = LaunchScreen.storyboard;
			sourceTree = "<group>";
		};
/* End PBXVariantGroup section */

/* Begin XCBuildConfiguration section */
		6CF50B0722E7FE4200CB1FDF /* Debug */ = {
			isa = XCBuildConfiguration;
			buildSettings = {
				ALWAYS_SEARCH_USER_PATHS = NO;
				CLANG_ANALYZER_NONNULL = YES;
				CLANG_ANALYZER_NUMBER_OBJECT_CONVERSION = YES_AGGRESSIVE;
				CLANG_CXX_LANGUAGE_STANDARD = "gnu++14";
				CLANG_CXX_LIBRARY = "libc++";
				CLANG_ENABLE_MODULES = YES;
				CLANG_ENABLE_OBJC_ARC = YES;
				CLANG_ENABLE_OBJC_WEAK = YES;
				CLANG_WARN_BLOCK_CAPTURE_AUTORELEASING = YES;
				CLANG_WARN_BOOL_CONVERSION = YES;
				CLANG_WARN_COMMA = YES;
				CLANG_WARN_CONSTANT_CONVERSION = YES;
				CLANG_WARN_DEPRECATED_OBJC_IMPLEMENTATIONS = YES;
				CLANG_WARN_DIRECT_OBJC_ISA_USAGE = YES_ERROR;
				CLANG_WARN_DOCUMENTATION_COMMENTS = YES;
				CLANG_WARN_EMPTY_BODY = YES;
				CLANG_WARN_ENUM_CONVERSION = YES;
				CLANG_WARN_INFINITE_RECURSION = YES;
				CLANG_WARN_INT_CONVERSION = YES;
				CLANG_WARN_NON_LITERAL_NULL_CONVERSION = YES;
				CLANG_WARN_OBJC_IMPLICIT_RETAIN_SELF = YES;
				CLANG_WARN_OBJC_LITERAL_CONVERSION = YES;
				CLANG_WARN_OBJC_ROOT_CLASS = YES_ERROR;
				CLANG_WARN_RANGE_LOOP_ANALYSIS = YES;
				CLANG_WARN_STRICT_PROTOTYPES = YES;
				CLANG_WARN_SUSPICIOUS_MOVE = YES;
				CLANG_WARN_UNGUARDED_AVAILABILITY = YES_AGGRESSIVE;
				CLANG_WARN_UNREACHABLE_CODE = YES;
				CLANG_WARN__DUPLICATE_METHOD_MATCH = YES;
				CODE_SIGN_IDENTITY = "iPhone Developer";
				COPY_PHASE_STRIP = NO;
				DEBUG_INFORMATION_FORMAT = dwarf;
				ENABLE_STRICT_OBJC_MSGSEND = YES;
				ENABLE_TESTABILITY = YES;
				GCC_C_LANGUAGE_STANDARD = gnu11;
				GCC_DYNAMIC_NO_PIC = NO;
				GCC_NO_COMMON_BLOCKS = YES;
				GCC_OPTIMIZATION_LEVEL = 0;
				GCC_PREPROCESSOR_DEFINITIONS = (
					"DEBUG=1",
					"$(inherited)",
				);
				GCC_WARN_64_TO_32_BIT_CONVERSION = YES;
				GCC_WARN_ABOUT_RETURN_TYPE = YES_ERROR;
				GCC_WARN_UNDECLARED_SELECTOR = YES;
				GCC_WARN_UNINITIALIZED_AUTOS = YES_AGGRESSIVE;
				GCC_WARN_UNUSED_FUNCTION = YES;
				GCC_WARN_UNUSED_VARIABLE = YES;
				IPHONEOS_DEPLOYMENT_TARGET = 12.2;
				MTL_ENABLE_DEBUG_INFO = INCLUDE_SOURCE;
				MTL_FAST_MATH = YES;
				ONLY_ACTIVE_ARCH = YES;
				SDKROOT = iphoneos;
			};
			name = Debug;
		};
		6CF50B0822E7FE4200CB1FDF /* Release */ = {
			isa = XCBuildConfiguration;
			buildSettings = {
				ALWAYS_SEARCH_USER_PATHS = NO;
				CLANG_ANALYZER_NONNULL = YES;
				CLANG_ANALYZER_NUMBER_OBJECT_CONVERSION = YES_AGGRESSIVE;
				CLANG_CXX_LANGUAGE_STANDARD = "gnu++14";
				CLANG_CXX_LIBRARY = "libc++";
				CLANG_ENABLE_MODULES = YES;
				CLANG_ENABLE_OBJC_ARC = YES;
				CLANG_ENABLE_OBJC_WEAK = YES;
				CLANG_WARN_BLOCK_CAPTURE_AUTORELEASING = YES;
				CLANG_WARN_BOOL_CONVERSION = YES;
				CLANG_WARN_COMMA = YES;
				CLANG_WARN_CONSTANT_CONVERSION = YES;
				CLANG_WARN_DEPRECATED_OBJC_IMPLEMENTATIONS = YES;
				CLANG_WARN_DIRECT_OBJC_ISA_USAGE = YES_ERROR;
				CLANG_WARN_DOCUMENTATION_COMMENTS = YES;
				CLANG_WARN_EMPTY_BODY = YES;
				CLANG_WARN_ENUM_CONVERSION = YES;
				CLANG_WARN_INFINITE_RECURSION = YES;
				CLANG_WARN_INT_CONVERSION = YES;
				CLANG_WARN_NON_LITERAL_NULL_CONVERSION = YES;
				CLANG_WARN_OBJC_IMPLICIT_RETAIN_SELF = YES;
				CLANG_WARN_OBJC_LITERAL_CONVERSION = YES;
				CLANG_WARN_OBJC_ROOT_CLASS = YES_ERROR;
				CLANG_WARN_RANGE_LOOP_ANALYSIS = YES;
				CLANG_WARN_STRICT_PROTOTYPES = YES;
				CLANG_WARN_SUSPICIOUS_MOVE = YES;
				CLANG_WARN_UNGUARDED_AVAILABILITY = YES_AGGRESSIVE;
				CLANG_WARN_UNREACHABLE_CODE = YES;
				CLANG_WARN__DUPLICATE_METHOD_MATCH = YES;
				CODE_SIGN_IDENTITY = "iPhone Developer";
				COPY_PHASE_STRIP = NO;
				DEBUG_INFORMATION_FORMAT = "dwarf-with-dsym";
				ENABLE_NS_ASSERTIONS = NO;
				ENABLE_STRICT_OBJC_MSGSEND = YES;
				GCC_C_LANGUAGE_STANDARD = gnu11;
				GCC_NO_COMMON_BLOCKS = YES;
				GCC_WARN_64_TO_32_BIT_CONVERSION = YES;
				GCC_WARN_ABOUT_RETURN_TYPE = YES_ERROR;
				GCC_WARN_UNDECLARED_SELECTOR = YES;
				GCC_WARN_UNINITIALIZED_AUTOS = YES_AGGRESSIVE;
				GCC_WARN_UNUSED_FUNCTION = YES;
				GCC_WARN_UNUSED_VARIABLE = YES;
				IPHONEOS_DEPLOYMENT_TARGET = 12.2;
				MTL_ENABLE_DEBUG_INFO = NO;
				MTL_FAST_MATH = YES;
				SDKROOT = iphoneos;
				VALIDATE_PRODUCT = YES;
			};
			name = Release;
		};
		6CF50B0A22E7FE4200CB1FDF /* Debug */ = {
			isa = XCBuildConfiguration;
			buildSettings = {
				ASSETCATALOG_COMPILER_APPICON_NAME = AppIcon;
				CLANG_CXX_LANGUAGE_STANDARD = "gnu++0x";
				CLANG_CXX_LIBRARY = "libc++";
				CODE_SIGN_STYLE = Automatic;
				DEVELOPMENT_TEAM = R6S652TPCM;
				ENABLE_BITCODE = NO;
				ENABLE_TESTABILITY = NO;
				FRAMEWORK_SEARCH_PATHS = (
					"$(inherited)",
					"$(PROJECT_DIR)/JuFengDemo/Framework",
				);
				GCC_C_LANGUAGE_STANDARD = "compiler-default";
				GCC_PREPROCESSOR_DEFINITIONS = (
					"DEBUG=1",
					"$(inherited)",
					"OS_IOS=1",
					"FORMAL=1",
				);
				INFOPLIST_FILE = JuFengDemo/Info.plist;
				LD_RUNPATH_SEARCH_PATHS = (
					"$(inherited)",
					"@executable_path/Frameworks",
				);
				ONLY_ACTIVE_ARCH = YES;
				OTHER_LDFLAGS = "-Objc";
				PRODUCT_BUNDLE_IDENTIFIER = JuFengDemo;
				PRODUCT_NAME = "$(TARGET_NAME)";
				TARGETED_DEVICE_FAMILY = "1,2";
				VALID_ARCHS = "armv7 armv7s arm64";
			};
			name = Debug;
		};
		6CF50B0B22E7FE4200CB1FDF /* Release */ = {
			isa = XCBuildConfiguration;
			buildSettings = {
				ASSETCATALOG_COMPILER_APPICON_NAME = AppIcon;
				CLANG_CXX_LANGUAGE_STANDARD = "gnu++0x";
				CLANG_CXX_LIBRARY = "libc++";
				CODE_SIGN_STYLE = Automatic;
				DEVELOPMENT_TEAM = R6S652TPCM;
				ENABLE_BITCODE = NO;
				FRAMEWORK_SEARCH_PATHS = (
					"$(inherited)",
					"$(PROJECT_DIR)/JuFengDemo/Framework",
				);
				GCC_C_LANGUAGE_STANDARD = "compiler-default";
				GCC_PREPROCESSOR_DEFINITIONS = (
					"OS_IOS=1",
					"FORMAL=1",
				);
				INFOPLIST_FILE = JuFengDemo/Info.plist;
				LD_RUNPATH_SEARCH_PATHS = (
					"$(inherited)",
					"@executable_path/Frameworks",
				);
				ONLY_ACTIVE_ARCH = YES;
				OTHER_LDFLAGS = "-Objc";
				PRODUCT_BUNDLE_IDENTIFIER = JuFengDemo;
				PRODUCT_NAME = "$(TARGET_NAME)";
				TARGETED_DEVICE_FAMILY = "1,2";
				VALID_ARCHS = "armv7 armv7s arm64";
			};
			name = Release;
		};
/* End XCBuildConfiguration section */

/* Begin XCConfigurationList section */
		6CF50AEE22E7FE4000CB1FDF /* Build configuration list for PBXProject "JuFengDemo" */ = {
			isa = XCConfigurationList;
			buildConfigurations = (
				6CF50B0722E7FE4200CB1FDF /* Debug */,
				6CF50B0822E7FE4200CB1FDF /* Release */,
			);
			defaultConfigurationIsVisible = 0;
			defaultConfigurationName = Release;
		};
		6CF50B0922E7FE4200CB1FDF /* Build configuration list for PBXNativeTarget "JuFengDemo" */ = {
			isa = XCConfigurationList;
			buildConfigurations = (
				6CF50B0A22E7FE4200CB1FDF /* Debug */,
				6CF50B0B22E7FE4200CB1FDF /* Release */,
			);
			defaultConfigurationIsVisible = 0;
			defaultConfigurationName = Release;
		};
/* End XCConfigurationList section */
	};
	rootObject = 6CF50AEB22E7FE4000CB1FDF /* Project object */;
}
